
Microsoft Visual Studio Solution File, Format Version 12.00
# Visual Studio Version 17
VisualStudioVersion = 17.9.34701.34
MinimumVisualStudioVersion = 10.0.40219.1
Project("{FAE04EC0-301F-11D3-BF4B-00C04F79EFBC}") = "WinFormsApp1", "WinFormsApp1.csproj", "{C356A3DF-3B92-4AD9-B469-5070240219B3}"
EndProject
Global
	GlobalSection(SolutionConfigurationPlatforms) = preSolution
		Debug|Any CPU = Debug|Any CPU
		Release|Any CPU = Release|Any CPU
	EndGlobalSection
	GlobalSection(ProjectConfigurationPlatforms) = postSolution
		{C356A3DF-3B92-4AD9-B469-5070240219B3}.Debug|Any CPU.ActiveCfg = Debug|Any CPU
		{C356A3DF-3B92-4AD9-B469-5070240219B3}.Debug|Any CPU.Build.0 = Debug|Any CPU
		{C356A3DF-3B92-4AD9-B469-5070240219B3}.Release|Any CPU.ActiveCfg = Release|Any CPU
		{C356A3DF-3B92-4AD9-B469-5070240219B3}.Release|Any CPU.Build.0 = Release|Any CPU
	EndGlobalSection
	GlobalSection(SolutionProperties) = preSolution
		HideSolutionNode = FALSE
	EndGlobalSection
	GlobalSection(ExtensibilityGlobals) = postSolution
		SolutionGuid = {E2114276-2DCB-48FA-9522-50E4E839CAF1}
	EndGlobalSection
EndGlobal
