
Microsoft Visual Studio Solution File, Format Version 12.00
# Visual Studio Version 17
VisualStudioVersion = 17.9.34701.34
MinimumVisualStudioVersion = 10.0.40219.1
Project("{FAE04EC0-301F-11D3-BF4B-00C04F79EFBC}") = "WinFormsApp1", "WinFormsApp1.csproj", "{43610D56-D95C-44DB-8CFC-380C9D6BE0EB}"
EndProject
Global
	GlobalSection(SolutionConfigurationPlatforms) = preSolution
		Debug|Any CPU = Debug|Any CPU
		Release|Any CPU = Release|Any CPU
	EndGlobalSection
	GlobalSection(ProjectConfigurationPlatforms) = postSolution
		{43610D56-D95C-44DB-8CFC-380C9D6BE0EB}.Debug|Any CPU.ActiveCfg = Debug|Any CPU
		{43610D56-D95C-44DB-8CFC-380C9D6BE0EB}.Debug|Any CPU.Build.0 = Debug|Any CPU
		{43610D56-D95C-44DB-8CFC-380C9D6BE0EB}.Release|Any CPU.ActiveCfg = Release|Any CPU
		{43610D56-D95C-44DB-8CFC-380C9D6BE0EB}.Release|Any CPU.Build.0 = Release|Any CPU
	EndGlobalSection
	GlobalSection(SolutionProperties) = preSolution
		HideSolutionNode = FALSE
	EndGlobalSection
	GlobalSection(ExtensibilityGlobals) = postSolution
		SolutionGuid = {595686C4-EB35-4878-B1BD-008DE159B74D}
	EndGlobalSection
EndGlobal
